
Microsoft Visual Studio Solution File, Format Version 12.00
# Visual Studio Version 17
VisualStudioVersion = 17.5.33530.505
MinimumVisualStudioVersion = 10.0.40219.1
Project("{FAE04EC0-301F-11D3-BF4B-00C04F79EFBC}") = "PruebaCapas.Vista", "PruebaCapas.Vista\PruebaCapas.Vista.csproj", "{99997754-749B-4EBD-8F82-96FF3CD06C53}"
EndProject
Project("{FAE04EC0-301F-11D3-BF4B-00C04F79EFBC}") = "PruebaCapas.Controladora", "PruebaCapas.Controladora\PruebaCapas.Controladora.csproj", "{0C697D97-5467-4299-BD4B-BFBE9A569C43}"
EndProject
Project("{FAE04EC0-301F-11D3-BF4B-00C04F79EFBC}") = "PruebaCapas.AccesoDatos", "PruebaCapas.AccesoDatos\PruebaCapas.AccesoDatos.csproj", "{88456005-8241-4258-945E-78BA0AE4DB5E}"
EndProject
Project("{FAE04EC0-301F-11D3-BF4B-00C04F79EFBC}") = "PruebaCapas.Modelos", "PruebaCapas.Modelos\PruebaCapas.Modelos.csproj", "{65033122-F2C9-44B9-8437-C5973F25CBB1}"
EndProject
Global
	GlobalSection(SolutionConfigurationPlatforms) = preSolution
		Debug|Any CPU = Debug|Any CPU
		Release|Any CPU = Release|Any CPU
	EndGlobalSection
	GlobalSection(ProjectConfigurationPlatforms) = postSolution
		{99997754-749B-4EBD-8F82-96FF3CD06C53}.Debug|Any CPU.ActiveCfg = Debug|Any CPU
		{99997754-749B-4EBD-8F82-96FF3CD06C53}.Debug|Any CPU.Build.0 = Debug|Any CPU
		{99997754-749B-4EBD-8F82-96FF3CD06C53}.Release|Any CPU.ActiveCfg = Release|Any CPU
		{99997754-749B-4EBD-8F82-96FF3CD06C53}.Release|Any CPU.Build.0 = Release|Any CPU
		{0C697D97-5467-4299-BD4B-BFBE9A569C43}.Debug|Any CPU.ActiveCfg = Debug|Any CPU
		{0C697D97-5467-4299-BD4B-BFBE9A569C43}.Debug|Any CPU.Build.0 = Debug|Any CPU
		{0C697D97-5467-4299-BD4B-BFBE9A569C43}.Release|Any CPU.ActiveCfg = Release|Any CPU
		{0C697D97-5467-4299-BD4B-BFBE9A569C43}.Release|Any CPU.Build.0 = Release|Any CPU
		{88456005-8241-4258-945E-78BA0AE4DB5E}.Debug|Any CPU.ActiveCfg = Debug|Any CPU
		{88456005-8241-4258-945E-78BA0AE4DB5E}.Debug|Any CPU.Build.0 = Debug|Any CPU
		{88456005-8241-4258-945E-78BA0AE4DB5E}.Release|Any CPU.ActiveCfg = Release|Any CPU
		{88456005-8241-4258-945E-78BA0AE4DB5E}.Release|Any CPU.Build.0 = Release|Any CPU
		{65033122-F2C9-44B9-8437-C5973F25CBB1}.Debug|Any CPU.ActiveCfg = Debug|Any CPU
		{65033122-F2C9-44B9-8437-C5973F25CBB1}.Debug|Any CPU.Build.0 = Debug|Any CPU
		{65033122-F2C9-44B9-8437-C5973F25CBB1}.Release|Any CPU.ActiveCfg = Release|Any CPU
		{65033122-F2C9-44B9-8437-C5973F25CBB1}.Release|Any CPU.Build.0 = Release|Any CPU
	EndGlobalSection
	GlobalSection(SolutionProperties) = preSolution
		HideSolutionNode = FALSE
	EndGlobalSection
	GlobalSection(ExtensibilityGlobals) = postSolution
		SolutionGuid = {021B0DF7-7E6F-493E-A7EB-5F67778E2207}
	EndGlobalSection
EndGlobal
